// !$*UTF8*$!
{
	archiveVersion = 1;
	classes = {
	};
	objectVersion = 50;
	objects = {

/* Begin PBXBuildFile section */
		CFAD709D24004A46005293A7 /* AppDelegate.swift in Sources */ = {isa = PBXBuildFile; fileRef = CFAD709C24004A46005293A7 /* AppDelegate.swift */; };
		CFAD70A424004A46005293A7 /* LoginViewController.storyboard in Resources */ = {isa = PBXBuildFile; fileRef = CFAD70A224004A46005293A7 /* LoginViewController.storyboard */; };
		CFAD70A624004A47005293A7 /* Assets.xcassets in Resources */ = {isa = PBXBuildFile; fileRef = CFAD70A524004A47005293A7 /* Assets.xcassets */; };
		CFAD70A924004A47005293A7 /* LaunchScreen.storyboard in Resources */ = {isa = PBXBuildFile; fileRef = CFAD70A724004A47005293A7 /* LaunchScreen.storyboard */; };
		CFAD70B12401A502005293A7 /* LoginViewController.swift in Sources */ = {isa = PBXBuildFile; fileRef = CFAD70B02401A502005293A7 /* LoginViewController.swift */; };
		CFAD70B32401AA42005293A7 /* StudentLocationMap.storyboard in Resources */ = {isa = PBXBuildFile; fileRef = CFAD70B22401AA42005293A7 /* StudentLocationMap.storyboard */; };
		CFAD70B724057DAF005293A7 /* StudentLocationMapViewController.swift in Sources */ = {isa = PBXBuildFile; fileRef = CFAD70B624057DAF005293A7 /* StudentLocationMapViewController.swift */; };
		CFAD70B924057E36005293A7 /* StudentLocationTable.storyboard in Resources */ = {isa = PBXBuildFile; fileRef = CFAD70B824057E36005293A7 /* StudentLocationTable.storyboard */; };
		CFAD70BB24057F38005293A7 /* StudentLocationTableViewController.swift in Sources */ = {isa = PBXBuildFile; fileRef = CFAD70BA24057F38005293A7 /* StudentLocationTableViewController.swift */; };
		CFAD70BD2406EA0F005293A7 /* AddNewLocationViewController.swift in Sources */ = {isa = PBXBuildFile; fileRef = CFAD70BC2406EA0F005293A7 /* AddNewLocationViewController.swift */; };
		CFAD70BF2406EA2E005293A7 /* AddNewLocation.storyboard in Resources */ = {isa = PBXBuildFile; fileRef = CFAD70BE2406EA2E005293A7 /* AddNewLocation.storyboard */; };
		CFAD70C12406EE4A005293A7 /* AddLocationMap.storyboard in Resources */ = {isa = PBXBuildFile; fileRef = CFAD70C02406EE4A005293A7 /* AddLocationMap.storyboard */; };
		CFAD70C32406EE76005293A7 /* AddLocationMapViewController.swift in Sources */ = {isa = PBXBuildFile; fileRef = CFAD70C22406EE76005293A7 /* AddLocationMapViewController.swift */; };
		CFAD70C8240A4FF6005293A7 /* OTMClient.swift in Sources */ = {isa = PBXBuildFile; fileRef = CFAD70C7240A4FF6005293A7 /* OTMClient.swift */; };
		CFAD70CE240D93EA005293A7 /* StudentResponse.swift in Sources */ = {isa = PBXBuildFile; fileRef = CFAD70CD240D93EA005293A7 /* StudentResponse.swift */; };
		CFAD70D0240D96A2005293A7 /* LoginRequest.swift in Sources */ = {isa = PBXBuildFile; fileRef = CFAD70CF240D96A2005293A7 /* LoginRequest.swift */; };
		CFAD70D2240D9BD5005293A7 /* SessionResponse.swift in Sources */ = {isa = PBXBuildFile; fileRef = CFAD70D1240D9BD5005293A7 /* SessionResponse.swift */; };
		CFAD70D42410D726005293A7 /* ErrorResponse.swift in Sources */ = {isa = PBXBuildFile; fileRef = CFAD70D32410D726005293A7 /* ErrorResponse.swift */; };
		CFAD70D6241163E4005293A7 /* StudentLocationTabBarController.swift in Sources */ = {isa = PBXBuildFile; fileRef = CFAD70D5241163E4005293A7 /* StudentLocationTabBarController.swift */; };
		CFAD70D82411649F005293A7 /* StoryboardFactory.swift in Sources */ = {isa = PBXBuildFile; fileRef = CFAD70D72411649F005293A7 /* StoryboardFactory.swift */; };
		CFAD70DC2411B463005293A7 /* OnTheMapCustomCell.swift in Sources */ = {isa = PBXBuildFile; fileRef = CFAD70DB2411B463005293A7 /* OnTheMapCustomCell.swift */; };
		CFAD70DE2414511C005293A7 /* OnTheMapBaseViewController.swift in Sources */ = {isa = PBXBuildFile; fileRef = CFAD70DD2414511C005293A7 /* OnTheMapBaseViewController.swift */; };
		CFAD70E02414E25C005293A7 /* UserDataResponse.swift in Sources */ = {isa = PBXBuildFile; fileRef = CFAD70DF2414E25C005293A7 /* UserDataResponse.swift */; };
		CFAD70E224158FDD005293A7 /* StudentLocationPOSTResponse.swift in Sources */ = {isa = PBXBuildFile; fileRef = CFAD70E124158FDD005293A7 /* StudentLocationPOSTResponse.swift */; };
		CFAD70E424160A00005293A7 /* StudentInfo.swift in Sources */ = {isa = PBXBuildFile; fileRef = CFAD70E324160A00005293A7 /* StudentInfo.swift */; };
		CFAD70E624179C9A005293A7 /* UIExtensions.swift in Sources */ = {isa = PBXBuildFile; fileRef = CFAD70E524179C9A005293A7 /* UIExtensions.swift */; };
		CFAD70E82417BC49005293A7 /* LogoutRequest.swift in Sources */ = {isa = PBXBuildFile; fileRef = CFAD70E72417BC49005293A7 /* LogoutRequest.swift */; };
		CFAD70EA2417BE86005293A7 /* LogoutResponse.swift in Sources */ = {isa = PBXBuildFile; fileRef = CFAD70E92417BE86005293A7 /* LogoutResponse.swift */; };
		CFAD70F02419658D005293A7 /* StudentsModel.swift in Sources */ = {isa = PBXBuildFile; fileRef = CFAD70EF2419658D005293A7 /* StudentsModel.swift */; };
		CFAD70F224196C6D005293A7 /* UserDataModel.swift in Sources */ = {isa = PBXBuildFile; fileRef = CFAD70F124196C6D005293A7 /* UserDataModel.swift */; };
		CFAD70F42419714B005293A7 /* Constants.swift in Sources */ = {isa = PBXBuildFile; fileRef = CFAD70F32419714B005293A7 /* Constants.swift */; };
/* End PBXBuildFile section */

/* Begin PBXFileReference section */
		CFAD709924004A46005293A7 /* OnTheMap.app */ = {isa = PBXFileReference; explicitFileType = wrapper.application; includeInIndex = 0; path = OnTheMap.app; sourceTree = BUILT_PRODUCTS_DIR; };
		CFAD709C24004A46005293A7 /* AppDelegate.swift */ = {isa = PBXFileReference; lastKnownFileType = sourcecode.swift; path = AppDelegate.swift; sourceTree = "<group>"; };
		CFAD70A324004A46005293A7 /* Base */ = {isa = PBXFileReference; lastKnownFileType = file.storyboard; name = Base; path = Base.lproj/LoginViewController.storyboard; sourceTree = "<group>"; };
		CFAD70A524004A47005293A7 /* Assets.xcassets */ = {isa = PBXFileReference; lastKnownFileType = folder.assetcatalog; path = Assets.xcassets; sourceTree = "<group>"; };
		CFAD70A824004A47005293A7 /* Base */ = {isa = PBXFileReference; lastKnownFileType = file.storyboard; name = Base; path = Base.lproj/LaunchScreen.storyboard; sourceTree = "<group>"; };
		CFAD70AA24004A47005293A7 /* Info.plist */ = {isa = PBXFileReference; lastKnownFileType = text.plist.xml; path = Info.plist; sourceTree = "<group>"; };
		CFAD70B02401A502005293A7 /* LoginViewController.swift */ = {isa = PBXFileReference; lastKnownFileType = sourcecode.swift; path = LoginViewController.swift; sourceTree = "<group>"; };
		CFAD70B22401AA42005293A7 /* StudentLocationMap.storyboard */ = {isa = PBXFileReference; lastKnownFileType = file.storyboard; path = StudentLocationMap.storyboard; sourceTree = "<group>"; };
		CFAD70B624057DAF005293A7 /* StudentLocationMapViewController.swift */ = {isa = PBXFileReference; lastKnownFileType = sourcecode.swift; path = StudentLocationMapViewController.swift; sourceTree = "<group>"; };
		CFAD70B824057E36005293A7 /* StudentLocationTable.storyboard */ = {isa = PBXFileReference; lastKnownFileType = file.storyboard; path = StudentLocationTable.storyboard; sourceTree = "<group>"; };
		CFAD70BA24057F38005293A7 /* StudentLocationTableViewController.swift */ = {isa = PBXFileReference; lastKnownFileType = sourcecode.swift; path = StudentLocationTableViewController.swift; sourceTree = "<group>"; };
		CFAD70BC2406EA0F005293A7 /* AddNewLocationViewController.swift */ = {isa = PBXFileReference; lastKnownFileType = sourcecode.swift; path = AddNewLocationViewController.swift; sourceTree = "<group>"; };
		CFAD70BE2406EA2E005293A7 /* AddNewLocation.storyboard */ = {isa = PBXFileReference; lastKnownFileType = file.storyboard; path = AddNewLocation.storyboard; sourceTree = "<group>"; };
		CFAD70C02406EE4A005293A7 /* AddLocationMap.storyboard */ = {isa = PBXFileReference; lastKnownFileType = file.storyboard; path = AddLocationMap.storyboard; sourceTree = "<group>"; };
		CFAD70C22406EE76005293A7 /* AddLocationMapViewController.swift */ = {isa = PBXFileReference; lastKnownFileType = sourcecode.swift; path = AddLocationMapViewController.swift; sourceTree = "<group>"; };
		CFAD70C7240A4FF6005293A7 /* OTMClient.swift */ = {isa = PBXFileReference; lastKnownFileType = sourcecode.swift; path = OTMClient.swift; sourceTree = "<group>"; };
		CFAD70CD240D93EA005293A7 /* StudentResponse.swift */ = {isa = PBXFileReference; lastKnownFileType = sourcecode.swift; path = StudentResponse.swift; sourceTree = "<group>"; };
		CFAD70CF240D96A2005293A7 /* LoginRequest.swift */ = {isa = PBXFileReference; lastKnownFileType = sourcecode.swift; path = LoginRequest.swift; sourceTree = "<group>"; };
		CFAD70D1240D9BD5005293A7 /* SessionResponse.swift */ = {isa = PBXFileReference; lastKnownFileType = sourcecode.swift; path = SessionResponse.swift; sourceTree = "<group>"; };
		CFAD70D32410D726005293A7 /* ErrorResponse.swift */ = {isa = PBXFileReference; lastKnownFileType = sourcecode.swift; path = ErrorResponse.swift; sourceTree = "<group>"; };
		CFAD70D5241163E4005293A7 /* StudentLocationTabBarController.swift */ = {isa = PBXFileReference; lastKnownFileType = sourcecode.swift; path = StudentLocationTabBarController.swift; sourceTree = "<group>"; };
		CFAD70D72411649F005293A7 /* StoryboardFactory.swift */ = {isa = PBXFileReference; lastKnownFileType = sourcecode.swift; path = StoryboardFactory.swift; sourceTree = "<group>"; };
		CFAD70DB2411B463005293A7 /* OnTheMapCustomCell.swift */ = {isa = PBXFileReference; fileEncoding = 4; lastKnownFileType = sourcecode.swift; path = OnTheMapCustomCell.swift; sourceTree = "<group>"; };
		CFAD70DD2414511C005293A7 /* OnTheMapBaseViewController.swift */ = {isa = PBXFileReference; lastKnownFileType = sourcecode.swift; path = OnTheMapBaseViewController.swift; sourceTree = "<group>"; };
		CFAD70DF2414E25C005293A7 /* UserDataResponse.swift */ = {isa = PBXFileReference; lastKnownFileType = sourcecode.swift; path = UserDataResponse.swift; sourceTree = "<group>"; };
		CFAD70E124158FDD005293A7 /* StudentLocationPOSTResponse.swift */ = {isa = PBXFileReference; lastKnownFileType = sourcecode.swift; path = StudentLocationPOSTResponse.swift; sourceTree = "<group>"; };
		CFAD70E324160A00005293A7 /* StudentInfo.swift */ = {isa = PBXFileReference; lastKnownFileType = sourcecode.swift; path = StudentInfo.swift; sourceTree = "<group>"; };
		CFAD70E524179C9A005293A7 /* UIExtensions.swift */ = {isa = PBXFileReference; lastKnownFileType = sourcecode.swift; path = UIExtensions.swift; sourceTree = "<group>"; };
		CFAD70E72417BC49005293A7 /* LogoutRequest.swift */ = {isa = PBXFileReference; lastKnownFileType = sourcecode.swift; path = LogoutRequest.swift; sourceTree = "<group>"; };
		CFAD70E92417BE86005293A7 /* LogoutResponse.swift */ = {isa = PBXFileReference; lastKnownFileType = sourcecode.swift; path = LogoutResponse.swift; sourceTree = "<group>"; };
		CFAD70EF2419658D005293A7 /* StudentsModel.swift */ = {isa = PBXFileReference; lastKnownFileType = sourcecode.swift; path = StudentsModel.swift; sourceTree = "<group>"; };
		CFAD70F124196C6D005293A7 /* UserDataModel.swift */ = {isa = PBXFileReference; lastKnownFileType = sourcecode.swift; path = UserDataModel.swift; sourceTree = "<group>"; };
		CFAD70F32419714B005293A7 /* Constants.swift */ = {isa = PBXFileReference; lastKnownFileType = sourcecode.swift; path = Constants.swift; sourceTree = "<group>"; };
/* End PBXFileReference section */

/* Begin PBXFrameworksBuildPhase section */
		CFAD709624004A46005293A7 /* Frameworks */ = {
			isa = PBXFrameworksBuildPhase;
			buildActionMask = 2147483647;
			files = (
			);
			runOnlyForDeploymentPostprocessing = 0;
		};
/* End PBXFrameworksBuildPhase section */

/* Begin PBXGroup section */
		CFAD709024004A46005293A7 = {
			isa = PBXGroup;
			children = (
				CFAD709B24004A46005293A7 /* OnTheMap */,
				CFAD709A24004A46005293A7 /* Products */,
			);
			sourceTree = "<group>";
		};
		CFAD709A24004A46005293A7 /* Products */ = {
			isa = PBXGroup;
			children = (
				CFAD709924004A46005293A7 /* OnTheMap.app */,
			);
			name = Products;
			sourceTree = "<group>";
		};
		CFAD709B24004A46005293A7 /* OnTheMap */ = {
			isa = PBXGroup;
			children = (
				CFAD709C24004A46005293A7 /* AppDelegate.swift */,
				CFAD70EE2417D878005293A7 /* Utility */,
				CFAD70ED2417D85F005293A7 /* Network */,
				CFAD70EB2417D6A5005293A7 /* Models */,
				CFAD70C42406EF5B005293A7 /* Views */,
				CFAD70C52406EF77005293A7 /* Controllers */,
				CFAD70C62406EFC4005293A7 /* Assets */,
				CFAD70AA24004A47005293A7 /* Info.plist */,
			);
			path = OnTheMap;
			sourceTree = "<group>";
		};
		CFAD70C42406EF5B005293A7 /* Views */ = {
			isa = PBXGroup;
			children = (
				CFAD70DB2411B463005293A7 /* OnTheMapCustomCell.swift */,
				CFAD70A224004A46005293A7 /* LoginViewController.storyboard */,
				CFAD70B22401AA42005293A7 /* StudentLocationMap.storyboard */,
				CFAD70B824057E36005293A7 /* StudentLocationTable.storyboard */,
				CFAD70BE2406EA2E005293A7 /* AddNewLocation.storyboard */,
				CFAD70C02406EE4A005293A7 /* AddLocationMap.storyboard */,
			);
			path = Views;
			sourceTree = "<group>";
		};
		CFAD70C52406EF77005293A7 /* Controllers */ = {
			isa = PBXGroup;
			children = (
				CFAD70DD2414511C005293A7 /* OnTheMapBaseViewController.swift */,
				CFAD70B02401A502005293A7 /* LoginViewController.swift */,
				CFAD70B624057DAF005293A7 /* StudentLocationMapViewController.swift */,
				CFAD70BA24057F38005293A7 /* StudentLocationTableViewController.swift */,
				CFAD70D5241163E4005293A7 /* StudentLocationTabBarController.swift */,
				CFAD70BC2406EA0F005293A7 /* AddNewLocationViewController.swift */,
				CFAD70C22406EE76005293A7 /* AddLocationMapViewController.swift */,
			);
			path = Controllers;
			sourceTree = "<group>";
		};
		CFAD70C62406EFC4005293A7 /* Assets */ = {
			isa = PBXGroup;
			children = (
				CFAD70A524004A47005293A7 /* Assets.xcassets */,
				CFAD70A724004A47005293A7 /* LaunchScreen.storyboard */,
			);
			path = Assets;
			sourceTree = "<group>";
		};
		CFAD70EB2417D6A5005293A7 /* Models */ = {
			isa = PBXGroup;
			children = (
				CFAD70EC2417D722005293A7 /* Response */,
				CFAD70E324160A00005293A7 /* StudentInfo.swift */,
				CFAD70EF2419658D005293A7 /* StudentsModel.swift */,
				CFAD70CF240D96A2005293A7 /* LoginRequest.swift */,
				CFAD70E72417BC49005293A7 /* LogoutRequest.swift */,
				CFAD70F124196C6D005293A7 /* UserDataModel.swift */,
			);
			path = Models;
			sourceTree = "<group>";
		};
		CFAD70EC2417D722005293A7 /* Response */ = {
			isa = PBXGroup;
			children = (
				CFAD70DF2414E25C005293A7 /* UserDataResponse.swift */,
				CFAD70CD240D93EA005293A7 /* StudentResponse.swift */,
				CFAD70D1240D9BD5005293A7 /* SessionResponse.swift */,
				CFAD70D32410D726005293A7 /* ErrorResponse.swift */,
				CFAD70E92417BE86005293A7 /* LogoutResponse.swift */,
				CFAD70E124158FDD005293A7 /* StudentLocationPOSTResponse.swift */,
			);
			path = Response;
			sourceTree = "<group>";
		};
		CFAD70ED2417D85F005293A7 /* Network */ = {
			isa = PBXGroup;
			children = (
				CFAD70C7240A4FF6005293A7 /* OTMClient.swift */,
				CFAD70F32419714B005293A7 /* Constants.swift */,
			);
			path = Network;
			sourceTree = "<group>";
		};
		CFAD70EE2417D878005293A7 /* Utility */ = {
			isa = PBXGroup;
			children = (
				CFAD70D72411649F005293A7 /* StoryboardFactory.swift */,
				CFAD70E524179C9A005293A7 /* UIExtensions.swift */,
			);
			path = Utility;
			sourceTree = "<group>";
		};
/* End PBXGroup section */

/* Begin PBXNativeTarget section */
		CFAD709824004A46005293A7 /* OnTheMap */ = {
			isa = PBXNativeTarget;
			buildConfigurationList = CFAD70AD24004A47005293A7 /* Build configuration list for PBXNativeTarget "OnTheMap" */;
			buildPhases = (
				CFAD709524004A46005293A7 /* Sources */,
				CFAD709624004A46005293A7 /* Frameworks */,
				CFAD709724004A46005293A7 /* Resources */,
			);
			buildRules = (
			);
			dependencies = (
			);
			name = OnTheMap;
			productName = OnTheMap;
			productReference = CFAD709924004A46005293A7 /* OnTheMap.app */;
			productType = "com.apple.product-type.application";
		};
/* End PBXNativeTarget section */

/* Begin PBXProject section */
		CFAD709124004A46005293A7 /* Project object */ = {
			isa = PBXProject;
			attributes = {
				LastSwiftUpdateCheck = 1130;
				LastUpgradeCheck = 1130;
				ORGANIZATIONNAME = "Myron Wells";
				TargetAttributes = {
					CFAD709824004A46005293A7 = {
						CreatedOnToolsVersion = 11.3.1;
					};
				};
			};
			buildConfigurationList = CFAD709424004A46005293A7 /* Build configuration list for PBXProject "OnTheMap" */;
			compatibilityVersion = "Xcode 9.3";
			developmentRegion = en;
			hasScannedForEncodings = 0;
			knownRegions = (
				en,
				Base,
			);
			mainGroup = CFAD709024004A46005293A7;
			productRefGroup = CFAD709A24004A46005293A7 /* Products */;
			projectDirPath = "";
			projectRoot = "";
			targets = (
				CFAD709824004A46005293A7 /* OnTheMap */,
			);
		};
/* End PBXProject section */

/* Begin PBXResourcesBuildPhase section */
		CFAD709724004A46005293A7 /* Resources */ = {
			isa = PBXResourcesBuildPhase;
			buildActionMask = 2147483647;
			files = (
				CFAD70A924004A47005293A7 /* LaunchScreen.storyboard in Resources */,
				CFAD70A624004A47005293A7 /* Assets.xcassets in Resources */,
				CFAD70BF2406EA2E005293A7 /* AddNewLocation.storyboard in Resources */,
				CFAD70B32401AA42005293A7 /* StudentLocationMap.storyboard in Resources */,
				CFAD70A424004A46005293A7 /* LoginViewController.storyboard in Resources */,
				CFAD70C12406EE4A005293A7 /* AddLocationMap.storyboard in Resources */,
				CFAD70B924057E36005293A7 /* StudentLocationTable.storyboard in Resources */,
			);
			runOnlyForDeploymentPostprocessing = 0;
		};
/* End PBXResourcesBuildPhase section */

/* Begin PBXSourcesBuildPhase section */
		CFAD709524004A46005293A7 /* Sources */ = {
			isa = PBXSourcesBuildPhase;
			buildActionMask = 2147483647;
			files = (
				CFAD70BB24057F38005293A7 /* StudentLocationTableViewController.swift in Sources */,
				CFAD70CE240D93EA005293A7 /* StudentResponse.swift in Sources */,
				CFAD70EA2417BE86005293A7 /* LogoutResponse.swift in Sources */,
				CFAD70DE2414511C005293A7 /* OnTheMapBaseViewController.swift in Sources */,
				CFAD70DC2411B463005293A7 /* OnTheMapCustomCell.swift in Sources */,
				CFAD70E82417BC49005293A7 /* LogoutRequest.swift in Sources */,
				CFAD70C8240A4FF6005293A7 /* OTMClient.swift in Sources */,
				CFAD70D42410D726005293A7 /* ErrorResponse.swift in Sources */,
				CFAD70D6241163E4005293A7 /* StudentLocationTabBarController.swift in Sources */,
				CFAD70D2240D9BD5005293A7 /* SessionResponse.swift in Sources */,
				CFAD70D0240D96A2005293A7 /* LoginRequest.swift in Sources */,
				CFAD70D82411649F005293A7 /* StoryboardFactory.swift in Sources */,
				CFAD70B12401A502005293A7 /* LoginViewController.swift in Sources */,
				CFAD70E624179C9A005293A7 /* UIExtensions.swift in Sources */,
				CFAD70F224196C6D005293A7 /* UserDataModel.swift in Sources */,
				CFAD70BD2406EA0F005293A7 /* AddNewLocationViewController.swift in Sources */,
				CFAD70E02414E25C005293A7 /* UserDataResponse.swift in Sources */,
				CFAD70C32406EE76005293A7 /* AddLocationMapViewController.swift in Sources */,
				CFAD70E224158FDD005293A7 /* StudentLocationPOSTResponse.swift in Sources */,
				CFAD709D24004A46005293A7 /* AppDelegate.swift in Sources */,
				CFAD70F02419658D005293A7 /* StudentsModel.swift in Sources */,
				CFAD70E424160A00005293A7 /* StudentInfo.swift in Sources */,
				CFAD70B724057DAF005293A7 /* StudentLocationMapViewController.swift in Sources */,
				CFAD70F42419714B005293A7 /* Constants.swift in Sources */,
			);
			runOnlyForDeploymentPostprocessing = 0;
		};
/* End PBXSourcesBuildPhase section */

/* Begin PBXVariantGroup section */
		CFAD70A224004A46005293A7 /* LoginViewController.storyboard */ = {
			isa = PBXVariantGroup;
			children = (
				CFAD70A324004A46005293A7 /* Base */,
			);
			name = LoginViewController.storyboard;
			sourceTree = "<group>";
		};
		CFAD70A724004A47005293A7 /* LaunchScreen.storyboard */ = {
			isa = PBXVariantGroup;
			children = (
				CFAD70A824004A47005293A7 /* Base */,
			);
			name = LaunchScreen.storyboard;
			sourceTree = "<group>";
		};
/* End PBXVariantGroup section */

/* Begin XCBuildConfiguration section */
		CFAD70AB24004A47005293A7 /* Debug */ = {
			isa = XCBuildConfiguration;
			buildSettings = {
				ALWAYS_SEARCH_USER_PATHS = NO;
				CLANG_ANALYZER_NONNULL = YES;
				CLANG_ANALYZER_NUMBER_OBJECT_CONVERSION = YES_AGGRESSIVE;
				CLANG_CXX_LANGUAGE_STANDARD = "gnu++14";
				CLANG_CXX_LIBRARY = "libc++";
				CLANG_ENABLE_MODULES = YES;
				CLANG_ENABLE_OBJC_ARC = YES;
				CLANG_ENABLE_OBJC_WEAK = YES;
				CLANG_WARN_BLOCK_CAPTURE_AUTORELEASING = YES;
				CLANG_WARN_BOOL_CONVERSION = YES;
				CLANG_WARN_COMMA = YES;
				CLANG_WARN_CONSTANT_CONVERSION = YES;
				CLANG_WARN_DEPRECATED_OBJC_IMPLEMENTATIONS = YES;
				CLANG_WARN_DIRECT_OBJC_ISA_USAGE = YES_ERROR;
				CLANG_WARN_DOCUMENTATION_COMMENTS = YES;
				CLANG_WARN_EMPTY_BODY = YES;
				CLANG_WARN_ENUM_CONVERSION = YES;
				CLANG_WARN_INFINITE_RECURSION = YES;
				CLANG_WARN_INT_CONVERSION = YES;
				CLANG_WARN_NON_LITERAL_NULL_CONVERSION = YES;
				CLANG_WARN_OBJC_IMPLICIT_RETAIN_SELF = YES;
				CLANG_WARN_OBJC_LITERAL_CONVERSION = YES;
				CLANG_WARN_OBJC_ROOT_CLASS = YES_ERROR;
				CLANG_WARN_RANGE_LOOP_ANALYSIS = YES;
				CLANG_WARN_STRICT_PROTOTYPES = YES;
				CLANG_WARN_SUSPICIOUS_MOVE = YES;
				CLANG_WARN_UNGUARDED_AVAILABILITY = YES_AGGRESSIVE;
				CLANG_WARN_UNREACHABLE_CODE = YES;
				CLANG_WARN__DUPLICATE_METHOD_MATCH = YES;
				COPY_PHASE_STRIP = NO;
				DEBUG_INFORMATION_FORMAT = dwarf;
				ENABLE_STRICT_OBJC_MSGSEND = YES;
				ENABLE_TESTABILITY = YES;
				GCC_C_LANGUAGE_STANDARD = gnu11;
				GCC_DYNAMIC_NO_PIC = NO;
				GCC_NO_COMMON_BLOCKS = YES;
				GCC_OPTIMIZATION_LEVEL = 0;
				GCC_PREPROCESSOR_DEFINITIONS = (
					"DEBUG=1",
					"$(inherited)",
				);
				GCC_WARN_64_TO_32_BIT_CONVERSION = YES;
				GCC_WARN_ABOUT_RETURN_TYPE = YES_ERROR;
				GCC_WARN_UNDECLARED_SELECTOR = YES;
				GCC_WARN_UNINITIALIZED_AUTOS = YES_AGGRESSIVE;
				GCC_WARN_UNUSED_FUNCTION = YES;
				GCC_WARN_UNUSED_VARIABLE = YES;
				IPHONEOS_DEPLOYMENT_TARGET = 13.2;
				MTL_ENABLE_DEBUG_INFO = INCLUDE_SOURCE;
				MTL_FAST_MATH = YES;
				ONLY_ACTIVE_ARCH = YES;
				SDKROOT = iphoneos;
				SWIFT_ACTIVE_COMPILATION_CONDITIONS = DEBUG;
				SWIFT_OPTIMIZATION_LEVEL = "-Onone";
			};
			name = Debug;
		};
		CFAD70AC24004A47005293A7 /* Release */ = {
			isa = XCBuildConfiguration;
			buildSettings = {
				ALWAYS_SEARCH_USER_PATHS = NO;
				CLANG_ANALYZER_NONNULL = YES;
				CLANG_ANALYZER_NUMBER_OBJECT_CONVERSION = YES_AGGRESSIVE;
				CLANG_CXX_LANGUAGE_STANDARD = "gnu++14";
				CLANG_CXX_LIBRARY = "libc++";
				CLANG_ENABLE_MODULES = YES;
				CLANG_ENABLE_OBJC_ARC = YES;
				CLANG_ENABLE_OBJC_WEAK = YES;
				CLANG_WARN_BLOCK_CAPTURE_AUTORELEASING = YES;
				CLANG_WARN_BOOL_CONVERSION = YES;
				CLANG_WARN_COMMA = YES;
				CLANG_WARN_CONSTANT_CONVERSION = YES;
				CLANG_WARN_DEPRECATED_OBJC_IMPLEMENTATIONS = YES;
				CLANG_WARN_DIRECT_OBJC_ISA_USAGE = YES_ERROR;
				CLANG_WARN_DOCUMENTATION_COMMENTS = YES;
				CLANG_WARN_EMPTY_BODY = YES;
				CLANG_WARN_ENUM_CONVERSION = YES;
				CLANG_WARN_INFINITE_RECURSION = YES;
				CLANG_WARN_INT_CONVERSION = YES;
				CLANG_WARN_NON_LITERAL_NULL_CONVERSION = YES;
				CLANG_WARN_OBJC_IMPLICIT_RETAIN_SELF = YES;
				CLANG_WARN_OBJC_LITERAL_CONVERSION = YES;
				CLANG_WARN_OBJC_ROOT_CLASS = YES_ERROR;
				CLANG_WARN_RANGE_LOOP_ANALYSIS = YES;
				CLANG_WARN_STRICT_PROTOTYPES = YES;
				CLANG_WARN_SUSPICIOUS_MOVE = YES;
				CLANG_WARN_UNGUARDED_AVAILABILITY = YES_AGGRESSIVE;
				CLANG_WARN_UNREACHABLE_CODE = YES;
				CLANG_WARN__DUPLICATE_METHOD_MATCH = YES;
				COPY_PHASE_STRIP = NO;
				DEBUG_INFORMATION_FORMAT = "dwarf-with-dsym";
				ENABLE_NS_ASSERTIONS = NO;
				ENABLE_STRICT_OBJC_MSGSEND = YES;
				GCC_C_LANGUAGE_STANDARD = gnu11;
				GCC_NO_COMMON_BLOCKS = YES;
				GCC_WARN_64_TO_32_BIT_CONVERSION = YES;
				GCC_WARN_ABOUT_RETURN_TYPE = YES_ERROR;
				GCC_WARN_UNDECLARED_SELECTOR = YES;
				GCC_WARN_UNINITIALIZED_AUTOS = YES_AGGRESSIVE;
				GCC_WARN_UNUSED_FUNCTION = YES;
				GCC_WARN_UNUSED_VARIABLE = YES;
				IPHONEOS_DEPLOYMENT_TARGET = 13.2;
				MTL_ENABLE_DEBUG_INFO = NO;
				MTL_FAST_MATH = YES;
				SDKROOT = iphoneos;
				SWIFT_COMPILATION_MODE = wholemodule;
				SWIFT_OPTIMIZATION_LEVEL = "-O";
				VALIDATE_PRODUCT = YES;
			};
			name = Release;
		};
		CFAD70AE24004A47005293A7 /* Debug */ = {
			isa = XCBuildConfiguration;
			buildSettings = {
				ASSETCATALOG_COMPILER_APPICON_NAME = AppIcon;
				CODE_SIGN_STYLE = Automatic;
				DEVELOPMENT_TEAM = PVCMJMC7H5;
				INFOPLIST_FILE = OnTheMap/Info.plist;
				LD_RUNPATH_SEARCH_PATHS = (
					"$(inherited)",
					"@executable_path/Frameworks",
				);
				PRODUCT_BUNDLE_IDENTIFIER = com.MWells.OnTheMap;
				PRODUCT_NAME = "$(TARGET_NAME)";
				SWIFT_VERSION = 5.0;
				TARGETED_DEVICE_FAMILY = "1,2";
			};
			name = Debug;
		};
		CFAD70AF24004A47005293A7 /* Release */ = {
			isa = XCBuildConfiguration;
			buildSettings = {
				ASSETCATALOG_COMPILER_APPICON_NAME = AppIcon;
				CODE_SIGN_STYLE = Automatic;
				DEVELOPMENT_TEAM = PVCMJMC7H5;
				INFOPLIST_FILE = OnTheMap/Info.plist;
				LD_RUNPATH_SEARCH_PATHS = (
					"$(inherited)",
					"@executable_path/Frameworks",
				);
				PRODUCT_BUNDLE_IDENTIFIER = com.MWells.OnTheMap;
				PRODUCT_NAME = "$(TARGET_NAME)";
				SWIFT_VERSION = 5.0;
				TARGETED_DEVICE_FAMILY = "1,2";
			};
			name = Release;
		};
/* End XCBuildConfiguration section */

/* Begin XCConfigurationList section */
		CFAD709424004A46005293A7 /* Build configuration list for PBXProject "OnTheMap" */ = {
			isa = XCConfigurationList;
			buildConfigurations = (
				CFAD70AB24004A47005293A7 /* Debug */,
				CFAD70AC24004A47005293A7 /* Release */,
			);
			defaultConfigurationIsVisible = 0;
			defaultConfigurationName = Release;
		};
		CFAD70AD24004A47005293A7 /* Build configuration list for PBXNativeTarget "OnTheMap" */ = {
			isa = XCConfigurationList;
			buildConfigurations = (
				CFAD70AE24004A47005293A7 /* Debug */,
				CFAD70AF24004A47005293A7 /* Release */,
			);
			defaultConfigurationIsVisible = 0;
			defaultConfigurationName = Release;
		};
/* End XCConfigurationList section */
	};
	rootObject = CFAD709124004A46005293A7 /* Project object */;
}
